
Microsoft Visual Studio Solution File, Format Version 12.00
# Visual Studio Version 17
VisualStudioVersion = 17.0.31903.59
MinimumVisualStudioVersion = 10.0.40219.1
Project("{FAE04EC0-301F-11D3-BF4B-00C04F79EFBC}") = "PlayerDataBase.CLI", "PlayerDataBase.CLI\PlayerDataBase.CLI.csproj", "{A76BB760-F0C2-4E97-8B5E-50B5433BCBEC}"
EndProject
Project("{FAE04EC0-301F-11D3-BF4B-00C04F79EFBC}") = "PlayerDataBase.API", "PlayerDataBase.API\PlayerDataBase.API.csproj", "{378EFDD3-A0E7-4D5F-95D3-38014CED6FFE}"
EndProject
Project("{FAE04EC0-301F-11D3-BF4B-00C04F79EFBC}") = "PlayerDataBase.DataAccess", "PlayerDataBase.DataAccess\PlayerDataBase.DataAccess.csproj", "{42165BC0-5C6A-45DB-A02F-2241539E557D}"
EndProject
Project("{FAE04EC0-301F-11D3-BF4B-00C04F79EFBC}") = "PlayerDataBase.UnitTests", "PlayerDataBase.UnitTests\PlayerDataBase.UnitTests.csproj", "{2F29074A-5EF7-47BC-B919-B3AC1F3B4B79}"
EndProject
Global
	GlobalSection(SolutionConfigurationPlatforms) = preSolution
		Debug|Any CPU = Debug|Any CPU
		Release|Any CPU = Release|Any CPU
	EndGlobalSection
	GlobalSection(SolutionProperties) = preSolution
		HideSolutionNode = FALSE
	EndGlobalSection
	GlobalSection(ProjectConfigurationPlatforms) = postSolution
		{A76BB760-F0C2-4E97-8B5E-50B5433BCBEC}.Debug|Any CPU.ActiveCfg = Debug|Any CPU
		{A76BB760-F0C2-4E97-8B5E-50B5433BCBEC}.Debug|Any CPU.Build.0 = Debug|Any CPU
		{A76BB760-F0C2-4E97-8B5E-50B5433BCBEC}.Release|Any CPU.ActiveCfg = Release|Any CPU
		{A76BB760-F0C2-4E97-8B5E-50B5433BCBEC}.Release|Any CPU.Build.0 = Release|Any CPU
		{378EFDD3-A0E7-4D5F-95D3-38014CED6FFE}.Debug|Any CPU.ActiveCfg = Debug|Any CPU
		{378EFDD3-A0E7-4D5F-95D3-38014CED6FFE}.Debug|Any CPU.Build.0 = Debug|Any CPU
		{378EFDD3-A0E7-4D5F-95D3-38014CED6FFE}.Release|Any CPU.ActiveCfg = Release|Any CPU
		{378EFDD3-A0E7-4D5F-95D3-38014CED6FFE}.Release|Any CPU.Build.0 = Release|Any CPU
		{42165BC0-5C6A-45DB-A02F-2241539E557D}.Debug|Any CPU.ActiveCfg = Debug|Any CPU
		{42165BC0-5C6A-45DB-A02F-2241539E557D}.Debug|Any CPU.Build.0 = Debug|Any CPU
		{42165BC0-5C6A-45DB-A02F-2241539E557D}.Release|Any CPU.ActiveCfg = Release|Any CPU
		{42165BC0-5C6A-45DB-A02F-2241539E557D}.Release|Any CPU.Build.0 = Release|Any CPU
		{2F29074A-5EF7-47BC-B919-B3AC1F3B4B79}.Debug|Any CPU.ActiveCfg = Debug|Any CPU
		{2F29074A-5EF7-47BC-B919-B3AC1F3B4B79}.Debug|Any CPU.Build.0 = Debug|Any CPU
		{2F29074A-5EF7-47BC-B919-B3AC1F3B4B79}.Release|Any CPU.ActiveCfg = Release|Any CPU
		{2F29074A-5EF7-47BC-B919-B3AC1F3B4B79}.Release|Any CPU.Build.0 = Release|Any CPU
	EndGlobalSection
EndGlobal
